
Microsoft Visual Studio Solution File, Format Version 11.00
# Visual Studio 2010
Project("{FAE04EC0-301F-11D3-BF4B-00C04F79EFBC}") = "DeadLineGames.MIWIGD", "DeadLineGames.MIWIGD\DeadLineGames.MIWIGD\DeadLineGames.MIWIGD.csproj", "{5C1689FC-2B3A-4AD1-B948-A6E25E6A4465}"
EndProject
Project("{FAE04EC0-301F-11D3-BF4B-00C04F79EFBC}") = "DeadLineGames.MIWIGDContent", "DeadLineGames.MIWIGD\DeadLineGames.MIWIGDContent\DeadLineGames.MIWIGDContent.contentproj", "{687B273A-25CB-4FE6-B1EB-087F49873D78}"
EndProject
Project("{FAE04EC0-301F-11D3-BF4B-00C04F79EFBC}") = "DeadLineGames.MIWIGD XBOX 360", "DeadLineGames.MIWIGD\DeadLineGames.MIWIGD\DeadLineGames.MIWIGD XBOX 360.csproj", "{343EAE5A-1009-4E5E-AACC-2378F5DF4557}"
EndProject
Global
	GlobalSection(SolutionConfigurationPlatforms) = preSolution
		Debug|Mixed Platforms = Debug|Mixed Platforms
		Debug|Windows Phone = Debug|Windows Phone
		Debug|x86 = Debug|x86
		Debug|Xbox 360 = Debug|Xbox 360
		Free|Mixed Platforms = Free|Mixed Platforms
		Free|Windows Phone = Free|Windows Phone
		Free|x86 = Free|x86
		Free|Xbox 360 = Free|Xbox 360
		Release|Mixed Platforms = Release|Mixed Platforms
		Release|Windows Phone = Release|Windows Phone
		Release|x86 = Release|x86
		Release|Xbox 360 = Release|Xbox 360
	EndGlobalSection
	GlobalSection(ProjectConfigurationPlatforms) = postSolution
		{5C1689FC-2B3A-4AD1-B948-A6E25E6A4465}.Debug|Mixed Platforms.ActiveCfg = Debug|x86
		{5C1689FC-2B3A-4AD1-B948-A6E25E6A4465}.Debug|Mixed Platforms.Build.0 = Debug|x86
		{5C1689FC-2B3A-4AD1-B948-A6E25E6A4465}.Debug|Windows Phone.ActiveCfg = Debug|x86
		{5C1689FC-2B3A-4AD1-B948-A6E25E6A4465}.Debug|Windows Phone.Build.0 = Debug|x86
		{5C1689FC-2B3A-4AD1-B948-A6E25E6A4465}.Debug|x86.ActiveCfg = Debug|x86
		{5C1689FC-2B3A-4AD1-B948-A6E25E6A4465}.Debug|x86.Build.0 = Debug|x86
		{5C1689FC-2B3A-4AD1-B948-A6E25E6A4465}.Debug|Xbox 360.ActiveCfg = Debug|x86
		{5C1689FC-2B3A-4AD1-B948-A6E25E6A4465}.Debug|Xbox 360.Build.0 = Debug|x86
		{5C1689FC-2B3A-4AD1-B948-A6E25E6A4465}.Free|Mixed Platforms.ActiveCfg = Release|x86
		{5C1689FC-2B3A-4AD1-B948-A6E25E6A4465}.Free|Mixed Platforms.Build.0 = Release|x86
		{5C1689FC-2B3A-4AD1-B948-A6E25E6A4465}.Free|Windows Phone.ActiveCfg = Release|x86
		{5C1689FC-2B3A-4AD1-B948-A6E25E6A4465}.Free|Windows Phone.Build.0 = Release|x86
		{5C1689FC-2B3A-4AD1-B948-A6E25E6A4465}.Free|x86.ActiveCfg = Release|x86
		{5C1689FC-2B3A-4AD1-B948-A6E25E6A4465}.Free|x86.Build.0 = Release|x86
		{5C1689FC-2B3A-4AD1-B948-A6E25E6A4465}.Free|Xbox 360.ActiveCfg = Release|x86
		{5C1689FC-2B3A-4AD1-B948-A6E25E6A4465}.Free|Xbox 360.Build.0 = Release|x86
		{5C1689FC-2B3A-4AD1-B948-A6E25E6A4465}.Release|Mixed Platforms.ActiveCfg = Release|x86
		{5C1689FC-2B3A-4AD1-B948-A6E25E6A4465}.Release|Mixed Platforms.Build.0 = Release|x86
		{5C1689FC-2B3A-4AD1-B948-A6E25E6A4465}.Release|Windows Phone.ActiveCfg = Release|x86
		{5C1689FC-2B3A-4AD1-B948-A6E25E6A4465}.Release|Windows Phone.Build.0 = Release|x86
		{5C1689FC-2B3A-4AD1-B948-A6E25E6A4465}.Release|x86.ActiveCfg = Release|x86
		{5C1689FC-2B3A-4AD1-B948-A6E25E6A4465}.Release|x86.Build.0 = Release|x86
		{5C1689FC-2B3A-4AD1-B948-A6E25E6A4465}.Release|Xbox 360.ActiveCfg = Release|x86
		{5C1689FC-2B3A-4AD1-B948-A6E25E6A4465}.Release|Xbox 360.Build.0 = Release|x86
		{687B273A-25CB-4FE6-B1EB-087F49873D78}.Debug|Mixed Platforms.ActiveCfg = Debug|x86
		{687B273A-25CB-4FE6-B1EB-087F49873D78}.Debug|Windows Phone.ActiveCfg = Debug|x86
		{687B273A-25CB-4FE6-B1EB-087F49873D78}.Debug|x86.ActiveCfg = Debug|x86
		{687B273A-25CB-4FE6-B1EB-087F49873D78}.Debug|Xbox 360.ActiveCfg = Debug|x86
		{687B273A-25CB-4FE6-B1EB-087F49873D78}.Free|Mixed Platforms.ActiveCfg = Release|x86
		{687B273A-25CB-4FE6-B1EB-087F49873D78}.Free|Windows Phone.ActiveCfg = Release|x86
		{687B273A-25CB-4FE6-B1EB-087F49873D78}.Free|x86.ActiveCfg = Release|x86
		{687B273A-25CB-4FE6-B1EB-087F49873D78}.Free|Xbox 360.ActiveCfg = Release|x86
		{687B273A-25CB-4FE6-B1EB-087F49873D78}.Release|Mixed Platforms.ActiveCfg = Release|x86
		{687B273A-25CB-4FE6-B1EB-087F49873D78}.Release|Windows Phone.ActiveCfg = Release|x86
		{687B273A-25CB-4FE6-B1EB-087F49873D78}.Release|x86.ActiveCfg = Release|x86
		{687B273A-25CB-4FE6-B1EB-087F49873D78}.Release|Xbox 360.ActiveCfg = Release|x86
		{343EAE5A-1009-4E5E-AACC-2378F5DF4557}.Debug|Mixed Platforms.ActiveCfg = Debug|Xbox 360
		{343EAE5A-1009-4E5E-AACC-2378F5DF4557}.Debug|Mixed Platforms.Build.0 = Debug|Xbox 360
		{343EAE5A-1009-4E5E-AACC-2378F5DF4557}.Debug|Mixed Platforms.Deploy.0 = Debug|Xbox 360
		{343EAE5A-1009-4E5E-AACC-2378F5DF4557}.Debug|Windows Phone.ActiveCfg = Debug|Xbox 360
		{343EAE5A-1009-4E5E-AACC-2378F5DF4557}.Debug|x86.ActiveCfg = Debug|Xbox 360
		{343EAE5A-1009-4E5E-AACC-2378F5DF4557}.Debug|Xbox 360.ActiveCfg = Debug|Xbox 360
		{343EAE5A-1009-4E5E-AACC-2378F5DF4557}.Debug|Xbox 360.Build.0 = Debug|Xbox 360
		{343EAE5A-1009-4E5E-AACC-2378F5DF4557}.Debug|Xbox 360.Deploy.0 = Debug|Xbox 360
		{343EAE5A-1009-4E5E-AACC-2378F5DF4557}.Free|Mixed Platforms.ActiveCfg = Debug|Xbox 360
		{343EAE5A-1009-4E5E-AACC-2378F5DF4557}.Free|Mixed Platforms.Build.0 = Debug|Xbox 360
		{343EAE5A-1009-4E5E-AACC-2378F5DF4557}.Free|Mixed Platforms.Deploy.0 = Debug|Xbox 360
		{343EAE5A-1009-4E5E-AACC-2378F5DF4557}.Free|Windows Phone.ActiveCfg = Debug|Xbox 360
		{343EAE5A-1009-4E5E-AACC-2378F5DF4557}.Free|x86.ActiveCfg = Debug|Xbox 360
		{343EAE5A-1009-4E5E-AACC-2378F5DF4557}.Free|Xbox 360.ActiveCfg = Debug|Xbox 360
		{343EAE5A-1009-4E5E-AACC-2378F5DF4557}.Free|Xbox 360.Build.0 = Debug|Xbox 360
		{343EAE5A-1009-4E5E-AACC-2378F5DF4557}.Free|Xbox 360.Deploy.0 = Debug|Xbox 360
		{343EAE5A-1009-4E5E-AACC-2378F5DF4557}.Release|Mixed Platforms.ActiveCfg = Release|Xbox 360
		{343EAE5A-1009-4E5E-AACC-2378F5DF4557}.Release|Mixed Platforms.Build.0 = Release|Xbox 360
		{343EAE5A-1009-4E5E-AACC-2378F5DF4557}.Release|Mixed Platforms.Deploy.0 = Release|Xbox 360
		{343EAE5A-1009-4E5E-AACC-2378F5DF4557}.Release|Windows Phone.ActiveCfg = Release|Xbox 360
		{343EAE5A-1009-4E5E-AACC-2378F5DF4557}.Release|x86.ActiveCfg = Release|Xbox 360
		{343EAE5A-1009-4E5E-AACC-2378F5DF4557}.Release|Xbox 360.ActiveCfg = Release|Xbox 360
		{343EAE5A-1009-4E5E-AACC-2378F5DF4557}.Release|Xbox 360.Build.0 = Release|Xbox 360
		{343EAE5A-1009-4E5E-AACC-2378F5DF4557}.Release|Xbox 360.Deploy.0 = Release|Xbox 360
	EndGlobalSection
	GlobalSection(SolutionProperties) = preSolution
		HideSolutionNode = FALSE
	EndGlobalSection
EndGlobal
